# This file was autogenerated by Stack.
# You should not edit this file by hand.
# For more information, please see the documentation at:
#   https://docs.haskellstack.org/en/stable/lock_files

packages:
- completed:
    hackage: xmonad-contrib-0.18.0@sha256:aae129651391ec65e4c7cf4c23b280cc5e69f709d86668502426a41eebab9d3c,22370
    pantry-tree:
      sha256: d2987f3843f1c5ca11bf63d22630679a34b7578f432a96f0dec97b98c4984e72
      size: 23806
  original:
    hackage: xmonad-contrib-0.18.0
snapshots:
- completed:
    sha256: 2fdd7d3e54540062ef75ca0a73ca3a804c527dbf8a4cadafabf340e66ac4af40
    size: 712469
    url: https://raw.githubusercontent.com/commercialhaskell/stackage-snapshots/master/lts/22/11.yaml
  original:
    url: https://raw.githubusercontent.com/commercialhaskell/stackage-snapshots/master/lts/22/11.yaml
